github.com/BurntSushi/toml v0.3.1 h1:WXkYYl6Yr3qBf1K79EBnL4mak0OimBfB0XUf9Vl28OQ=
github.com/BurntSushi/toml v0.3.1/go.mod h1:xHWCNGjB5oqiDr8zfno3MHue2Ht5sIBksp03qcyfWMU=
github.com/go-sql-driver/mysql v1.4.0/go.mod h1:zAC/RDZ24gD3HViQzih4MyKcchzm+sOG5ZlKdlhCg5w=
github.com/go-sql-driver/mysql v1.5.0 h1:ozyZYNQW3x3HtqT1jira07DN2PArx2v7/mN66gGcHOs=
github.com/go-sql-driver/mysql v1.5.0/go.mod h1:DCzpHaOWr8IXmIStZouvnhqoel9Qv2LBy8hT2VhHyBg=
github.com/jmoiron/sqlx v1.2.0 h1:41Ip0zITnmWNR/vHV+S4m+VoUivnWY5E4OJfLZjCJMA=
github.com/jmoiron/sqlx v1.2.0/go.mod h1:1FEQNm3xlJgrMD+FBdI9+xvCksHtbpVBBw5dYhBSsks=
github.com/lib/pq v1.0.0 h1:X5PMW56eZitiTeO7tKzZxFCSpbFZJtkMMooicw2us9A=
github.com/lib/pq v1.0.0/go.mod h1:5WUZQaWbwv1U+lTReE5YruASi9Al49XbQIvNi/34Woo=
github.com/mattn/go-sqlite3 v1.9.0 h1:pDRiWfl+++eC2FEFRy6jXmQlvp4Yh3z1MJKg4UeYM/4=
github.com/mattn/go-sqlite3 v1.9.0/go.mod h1:FPy6KqzDD04eiIsT53CuJW3U88zkxoIYsOqkbpncsNc=
github.com/tiantour/conf v1.5.9 h1:uBzRfTF6tn/0yGuKIlWMCT0L+xegeHhc9B+lhcSX+hM=
github.com/tiantour/conf v1.5.9/go.mod h1:2UPTqNLZ4m9fxLLYv7XcnufpB3+vDHlmGKwxUvOW1Fo=
